
Microsoft Visual Studio Solution File, Format Version 12.00
# Visual Studio 15
VisualStudioVersion = 15.0.27130.2010
MinimumVisualStudioVersion = 10.0.40219.1
Project("{8BC9CEB8-8B4A-11D0-8D11-00A0C91BC942}") = "ChineseChess", "ChineseChess\ChineseChess.vcxproj", "{4CE94C54-44D6-4718-A420-C48D51689B6C}"
EndProject
Global
	GlobalSection(SolutionConfigurationPlatforms) = preSolution
		Debug|x64 = Debug|x64
		Debug|x86 = Debug|x86
		Release|x64 = Release|x64
		Release|x86 = Release|x86
	EndGlobalSection
	GlobalSection(ProjectConfigurationPlatforms) = postSolution
		{4CE94C54-44D6-4718-A420-C48D51689B6C}.Debug|x64.ActiveCfg = Debug|x64
		{4CE94C54-44D6-4718-A420-C48D51689B6C}.Debug|x64.Build.0 = Debug|x64
		{4CE94C54-44D6-4718-A420-C48D51689B6C}.Debug|x86.ActiveCfg = Debug|Win32
		{4CE94C54-44D6-4718-A420-C48D51689B6C}.Debug|x86.Build.0 = Debug|Win32
		{4CE94C54-44D6-4718-A420-C48D51689B6C}.Release|x64.ActiveCfg = Release|x64
		{4CE94C54-44D6-4718-A420-C48D51689B6C}.Release|x64.Build.0 = Release|x64
		{4CE94C54-44D6-4718-A420-C48D51689B6C}.Release|x86.ActiveCfg = Release|Win32
		{4CE94C54-44D6-4718-A420-C48D51689B6C}.Release|x86.Build.0 = Release|Win32
	EndGlobalSection
	GlobalSection(SolutionProperties) = preSolution
		HideSolutionNode = FALSE
	EndGlobalSection
	GlobalSection(ExtensibilityGlobals) = postSolution
		SolutionGuid = {FA9F51AB-2881-45CB-9A93-31672D0B31E0}
	EndGlobalSection
EndGlobal
